
Microsoft Visual Studio Solution File, Format Version 12.00
# Visual Studio Version 17
VisualStudioVersion = 17.4.33213.308
MinimumVisualStudioVersion = 10.0.40219.1
Project("{FAE04EC0-301F-11D3-BF4B-00C04F79EFBC}") = "StanbicTask", "StanbicTask\StanbicTask.csproj", "{BD2B08AC-BDA4-4A5D-BB6E-23EB9466666C}"
EndProject
Global
	GlobalSection(SolutionConfigurationPlatforms) = preSolution
		Debug|Any CPU = Debug|Any CPU
		Release|Any CPU = Release|Any CPU
	EndGlobalSection
	GlobalSection(ProjectConfigurationPlatforms) = postSolution
		{BD2B08AC-BDA4-4A5D-BB6E-23EB9466666C}.Debug|Any CPU.ActiveCfg = Debug|Any CPU
		{BD2B08AC-BDA4-4A5D-BB6E-23EB9466666C}.Debug|Any CPU.Build.0 = Debug|Any CPU
		{BD2B08AC-BDA4-4A5D-BB6E-23EB9466666C}.Release|Any CPU.ActiveCfg = Release|Any CPU
		{BD2B08AC-BDA4-4A5D-BB6E-23EB9466666C}.Release|Any CPU.Build.0 = Release|Any CPU
	EndGlobalSection
	GlobalSection(SolutionProperties) = preSolution
		HideSolutionNode = FALSE
	EndGlobalSection
	GlobalSection(ExtensibilityGlobals) = postSolution
		SolutionGuid = {6F0FCA28-EAB7-4A6D-932E-1FAE57235304}
	EndGlobalSection
EndGlobal
